#MicroXplorer Configuration settings - do not modify
Mcu.Family=STM32H7
RCC.DIVQ2Freq_Value=129000000
ProjectManager.MainLocation=Core/Src
PA15(JTDI).Locked=true
PF4.Mode=O2_P2_CLK
RCC.SAI1Freq_Value=129000000
RCC.CortexFreq_Value=64000000
PH12.Signal=LTDC_R6
PH12.Locked=true
ProjectManager.KeepUserCode=true
Mcu.UserName=STM32H725IGKx
PH10.Signal=LTDC_R4
PA15(JTDI).Signal=LTDC_B6
PG8.Signal=LTDC_G7
PG8.Locked=true
PC10.Signal=SDMMC1_D2
PC12.Signal=SDMMC1_CK
PC7.Locked=true
PG0.Signal=OCTOSPIM_P2_IO4
PF2.Mode=OCTOSPI2_IOL_Port2L
ProjectManager.functionlistsort=
PH10.Locked=true
RCC.RTCFreq_Value=32000
RCC.CpuClockFreq_Value=64000000
RCC.VCO2OutputFreq_Value=258000000
PB11.Signal=LTDC_G5
PinOutPanel.RotationAngle=0
PG15.Signal=OCTOSPIM_P2_DQS
PG11.Signal=OCTOSPIM_P2_IO7
RCC.MCO1PinFreq_Value=64000000
ProjectManager.StackSize=0x400
RCC.AHB4Freq_Value=64000000
RCC.VCOInput3Freq_Value=2000000
PH3.Mode=OCTOSPI1_IOH_Port1H
RCC.LPTIM1Freq_Value=64000000
PD13.Signal=I2C4_SDA
Mcu.IP4=OCTOSPI1
Mcu.IP5=OCTOSPI2
Mcu.IP2=LPUART1
NVIC.SVCall_IRQn=true\:0\:0\:false\:false\:true\:false\:false
Mcu.IP3=NVIC
Mcu.IP0=CORTEX_M7
Mcu.IP1=I2C4
Mcu.UserConstants=
PE11.Mode=OCTOSPI1_Port1_NCS
PH3.Locked=true
RCC.SDMMCFreq_Value=129000000
RCC.DIVP3Freq_Value=129000000
Mcu.ThirdPartyNb=0
RCC.HCLKFreq_Value=64000000
RCC.I2C4Freq_Value=64000000
Mcu.IPNb=9
ProjectManager.PreviousToolchain=
PB6.Signal=LPUART1_TX
RCC.SPDIFRXFreq_Value=129000000
PC7.Signal=LTDC_G6
PB6.Mode=Asynchronous
RCC.DIVQ3Freq_Value=129000000
Mcu.Pin6=PD2
Mcu.Pin7=PC12
Mcu.Pin8=PG10
PE10.Locked=true
Mcu.Pin9=PC11
PC2_C.Signal=OCTOSPIM_P1_IO2
Mcu.Pin0=PB8
PE14.Locked=true
Mcu.Pin1=PB6
GPIO.groupedBy=
Mcu.Pin2=PG11
Mcu.Pin3=PA15(JTDI)
Mcu.Pin4=PB9
Mcu.Pin5=PB7
ProjectManager.ProjectBuild=false
RCC.DIVR3Freq_Value=129000000
NVIC.UsageFault_IRQn=true\:0\:0\:false\:false\:true\:false\:false
NVIC.DebugMonitor_IRQn=true\:0\:0\:false\:false\:true\:false\:false
PB2.Signal=OCTOSPIM_P1_DQS
NVIC.SysTick_IRQn=true\:0\:0\:false\:false\:true\:false\:true
ProjectManager.FirmwarePackage=STM32Cube FW_H7 V1.8.0
MxDb.Version=DB.6.0.10
PE15.Locked=true
RCC.DIVP1Freq_Value=129000000
PE13.Signal=LTDC_DE
ProjectManager.BackupPrevious=false
RCC.FMCFreq_Value=64000000
PE9.Signal=OCTOSPIM_P1_IO6
PG1.Mode=OCTOSPI2_IOH_Port2H
PE9.Locked=true
PF11.Signal=OCTOSPIM_P1_NCLK
RCC.USART16Freq_Value=64000000
File.Version=6
PC9.Mode=SD_4_bits_Wide_bus_auto_dir_voltage_converter
PB7.Signal=LPUART1_RX
NVIC.PendSV_IRQn=true\:0\:0\:false\:false\:true\:false\:false
PF3.Signal=OCTOSPIM_P2_IO3
RCC.DIVR2Freq_Value=129000000
PE10.Signal=OCTOSPIM_P1_IO7
ProjectManager.HalAssertFull=false
PB0.Locked=true
RCC.DIVP2Freq_Value=129000000
PC2_C.Locked=true
ProjectManager.ProjectName=atlas176
RCC.APB3Freq_Value=64000000
RCC.MCO2PinFreq_Value=64000000
Mcu.Package=UFBGA176
PB9.Signal=LTDC_B7
PA7.Locked=true
PD12.Signal=I2C4_SCL
ProjectManager.ToolChainLocation=
VP_SYS_VS_Systick.Signal=SYS_VS_Systick
PA10.Signal=LTDC_B4
VP_OCTOSPI2_VS_octo.Mode=hyperbus_mode
PE9.Mode=OCTOSPI1_IOH_Port1H
RCC.DFSDMFreq_Value=64000000
RCC.DIVR1Freq_Value=129000000
PC11.Mode=SD_4_bits_Wide_bus_auto_dir_voltage_converter
PF5.Signal=OCTOSPIM_P2_NCLK
PH2.Signal=OCTOSPIM_P1_IO4
RCC.TraceFreq_Value=64000000
RCC.APB4Freq_Value=64000000
RCC.CECFreq_Value=32000
NVIC.BusFault_IRQn=true\:0\:0\:false\:false\:true\:false\:false
RCC.LPUART1Freq_Value=64000000
PF0.Signal=OCTOSPIM_P2_IO0
PH2.Mode=OCTOSPI1_IOH_Port1H
ProjectManager.CustomerFirmwarePackage=
RCC.Tim2OutputFreq_Value=64000000
RCC.DFSDMACLkFreq_Value=129000000
RCC.VCO3OutputFreq_Value=258000000
PA3.Signal=OCTOSPIM_P1_CLK
PG12.Signal=OCTOSPIM_P2_NCS
PA2.Locked=true
PH15.Signal=LTDC_G4
ProjectManager.ProjectFileName=atlas176.ioc
PH15.Locked=true
PF3.Mode=OCTOSPI2_IOL_Port2L
Mcu.PinsNb=53
PH11.Signal=LTDC_R5
ProjectManager.NoMain=false
PG1.Signal=OCTOSPIM_P2_IO5
PC11.Signal=SDMMC1_D3
RCC.SWPMI1Freq_Value=64000000
RCC.SAI4BFreq_Value=129000000
PC8.Signal=SDMMC1_D0
PC6.Signal=LTDC_HSYNC
PC10.Mode=SD_4_bits_Wide_bus_auto_dir_voltage_converter
PG10.Mode=OCTOSPI2_IOH_Port2H
PE10.Mode=OCTOSPI1_IOH_Port1H
ProjectManager.DefaultFWLocation=true
ProjectManager.DeletePrevious=true
RCC.QSPIFreq_Value=64000000
PinOutPanel.CurrentBGAView=Top
PF5.Mode=OCTOSPI2_Port2_NCLK
RCC.FamilyName=M
PG10.Signal=OCTOSPIM_P2_IO6
RCC.SPI6Freq_Value=64000000
RCC.D1CPREFreq_Value=64000000
PA3.Mode=O1_P1_CLK
PF1.Mode=OCTOSPI2_IOL_Port2L
PF11.Mode=OCTOSPI1_Port1_NCLK
RCC.USART234578Freq_Value=64000000
RCC.Tim1OutputFreq_Value=64000000
RCC.SPI45Freq_Value=64000000
RCC.SPI123Freq_Value=129000000
ProjectManager.TargetToolchain=EWARM V8.32
Mcu.Pin51=VP_OCTOSPI2_VS_octo
RCC.VCO1OutputFreq_Value=258000000
Mcu.Pin52=VP_SYS_VS_Systick
Mcu.Pin50=VP_OCTOSPI1_VS_hyperbus
PC6.Locked=true
RCC.AXIClockFreq_Value=64000000
PD13.Mode=I2C
PB9.Locked=true
PC2_C.Mode=OCTOSPI1_IOL_Port1L
PF2.Signal=OCTOSPIM_P2_IO2
ProjectManager.RegisterCallBack=
RCC.USBFreq_Value=129000000
PH11.Locked=true
PE11.Signal=OCTOSPIM_P1_NCS
VP_OCTOSPI1_VS_hyperbus.Signal=OCTOSPI1_VS_hyperbus
PA1.Signal=OCTOSPIM_P1_IO3
Mcu.Pin48=PE9
RCC.CKPERFreq_Value=64000000
Mcu.Pin49=PE11
Mcu.Pin46=PB0
PG15.Mode=OCTOSPI2_Port2_DQS
Mcu.Pin47=PE10
PD2.Mode=SD_4_bits_Wide_bus_auto_dir_voltage_converter
Mcu.Pin40=PG0
Mcu.Pin41=PB11
Mcu.Pin44=PA2
PC12.Mode=SD_4_bits_Wide_bus_auto_dir_voltage_converter
Mcu.Pin45=PH3
PB0.Mode=OCTOSPI1_IOL_Port1L
Mcu.Pin42=PE13
board=custom
PG12.Mode=OCTOSPI2_Port2_NCS
Mcu.Pin43=PE15
ProjectManager.LastFirmware=true
RCC.VCOInput1Freq_Value=2000000
RCC.AHB12Freq_Value=64000000
RCC.APB2Freq_Value=64000000
PE14.Signal=LTDC_CLK
PA1.Mode=OCTOSPI1_IOL_Port1L
PE15.Signal=LTDC_R7
MxCube.Version=6.1.1
Mcu.Pin37=PH12
Mcu.Pin38=PA1
Mcu.Pin35=PG1
Mcu.Pin36=PH10
RCC.FDCANFreq_Value=129000000
Mcu.Pin39=PB2
RCC.RNGFreq_Value=48000000
Mcu.Pin30=PC2_C
RCC.ADCFreq_Value=129000000
VP_SYS_VS_Systick.Mode=SysTick
PF11.Locked=true
Mcu.Pin33=PA7
Mcu.Pin34=PF11
Mcu.Pin31=PH2
Mcu.Pin32=PA3
NVIC.NonMaskableInt_IRQn=true\:0\:0\:false\:false\:true\:false\:false
PF1.Signal=OCTOSPIM_P2_IO1
VP_OCTOSPI2_VS_octo.Signal=OCTOSPI2_VS_octo
ProjectManager.FreePins=false
RCC.IPParameters=ADCFreq_Value,AHB12Freq_Value,AHB4Freq_Value,APB1Freq_Value,APB2Freq_Value,APB3Freq_Value,APB4Freq_Value,AXIClockFreq_Value,CECFreq_Value,CKPERFreq_Value,CortexFreq_Value,CpuClockFreq_Value,D1CPREFreq_Value,DFSDMACLkFreq_Value,DFSDMFreq_Value,DIVP1Freq_Value,DIVP2Freq_Value,DIVP3Freq_Value,DIVQ1Freq_Value,DIVQ2Freq_Value,DIVQ3Freq_Value,DIVR1Freq_Value,DIVR2Freq_Value,DIVR3Freq_Value,FDCANFreq_Value,FMCFreq_Value,FamilyName,HCLK3ClockFreq_Value,HCLKFreq_Value,I2C123Freq_Value,I2C4Freq_Value,LPTIM1Freq_Value,LPTIM2Freq_Value,LPTIM345Freq_Value,LPUART1Freq_Value,LTDCFreq_Value,MCO1PinFreq_Value,MCO2PinFreq_Value,QSPIFreq_Value,RNGFreq_Value,RTCFreq_Value,SAI1Freq_Value,SAI4AFreq_Value,SAI4BFreq_Value,SDMMCFreq_Value,SPDIFRXFreq_Value,SPI123Freq_Value,SPI45Freq_Value,SPI6Freq_Value,SWPMI1Freq_Value,SYSCLKFreq_VALUE,Tim1OutputFreq_Value,Tim2OutputFreq_Value,TraceFreq_Value,USART16Freq_Value,USART234578Freq_Value,USBFreq_Value,VCO1OutputFreq_Value,VCO2OutputFreq_Value,VCO3OutputFreq_Value,VCOInput1Freq_Value,VCOInput2Freq_Value,VCOInput3Freq_Value
PE11.Locked=true
ProjectManager.AskForMigrate=true
Mcu.Name=STM32H725IGKx
RCC.LPTIM2Freq_Value=64000000
Mcu.Pin26=PD13
Mcu.Pin27=PD12
Mcu.Pin24=PF5
PA2.Signal=OCTOSPIM_P1_IO0
ProjectManager.UnderRoot=false
Mcu.Pin25=PF3
PE13.Locked=true
PB2.Locked=true
Mcu.IP8=SYS
PG0.Mode=OCTOSPI2_IOH_Port2H
Mcu.Pin28=PE14
Mcu.IP6=RCC
PC8.Mode=SD_4_bits_Wide_bus_auto_dir_voltage_converter
Mcu.Pin29=PH11
Mcu.IP7=SDMMC1
ProjectManager.CoupleFile=false
RCC.SYSCLKFreq_VALUE=64000000
Mcu.Pin22=PG8
RCC.I2C123Freq_Value=64000000
Mcu.Pin23=PF4
Mcu.Pin20=PF0
PA1.Locked=true
PA3.Locked=true
PD12.Mode=I2C
Mcu.Pin21=PF2
PA10.Locked=true
VP_OCTOSPI1_VS_hyperbus.Mode=hyperbus_mode
NVIC.ForceEnableDMAVector=true
KeepUserPlacement=false
NVIC.MemoryManagement_IRQn=true\:0\:0\:false\:false\:true\:false\:false
PB2.Mode=OCTOSPI1_Port1_DQS
ProjectManager.CompilerOptimize=6
PG11.Mode=OCTOSPI2_IOH_Port2H
PB7.Mode=Asynchronous
ProjectManager.HeapSize=0x200
PF0.Mode=OCTOSPI2_IOL_Port2L
Mcu.Pin15=PC8
NVIC.HardFault_IRQn=true\:0\:0\:false\:false\:true\:false\:false
Mcu.Pin16=PC7
Mcu.Pin13=PG12
Mcu.Pin14=PH15
Mcu.Pin19=PF1
RCC.LPTIM345Freq_Value=64000000
ProjectManager.ComputerToolchain=false
Mcu.Pin17=PC9
Mcu.Pin18=PC6
RCC.LTDCFreq_Value=129000000
PH2.Locked=true
RCC.SAI4AFreq_Value=129000000
NVIC.PriorityGroup=NVIC_PRIORITYGROUP_4
Mcu.Pin11=PA10
PH3.Signal=OCTOSPIM_P1_IO5
Mcu.Pin12=PG15
PB8.Mode=SD_4_bits_Wide_bus_auto_dir_voltage_converter
Mcu.Pin10=PC10
RCC.DIVQ1Freq_Value=129000000
PB8.Signal=SDMMC1_CKIN
PA2.Mode=OCTOSPI1_IOL_Port1L
PF4.Signal=OCTOSPIM_P2_CLK
PC9.Signal=SDMMC1_D1
PD2.Signal=SDMMC1_CMD
RCC.HCLK3ClockFreq_Value=64000000
RCC.VCOInput2Freq_Value=2000000
RCC.APB1Freq_Value=64000000
PB0.Signal=OCTOSPIM_P1_IO1
PB11.Locked=true
ProjectManager.DeviceId=STM32H725IGKx
ProjectManager.LibraryCopy=0
PA7.Signal=LTDC_VSYNC
