#MicroXplorer Configuration settings - do not modify
PB13.GPIOParameters=GPIO_Label
PD12.GPIO_Label=I2C4_SCL_SENSOR
PH0-OSC_IN.Signal=RCC_OSC_IN
SPI4.VirtualType=VM_MASTER
SPI2.VirtualType=VM_MASTER
PC12.Signal=SDMMC1_CK
PB14.GPIO_Label=SPI2_MISO_SENSOR
PC7.Locked=true
RCC.PLLFRACN=1
PA13(JTMS/SWDIO).Signal=DEBUG_JTMS-SWDIO
VP_RTC_VS_RTC_Activate.Mode=RTC_Enabled
RCC.RTCFreq_Value=32.77
PA3.GPIOParameters=GPIO_Label
PB6.GPIO_Label=I2C1_SCL_SYSTEM
PD0.Locked=true
RCC.CpuClockFreq_Value=512000488.28125
PC5.Mode=OCTOSPI1_Port1_DQS
PB13.Signal=SPI2_SCK
PA2.GPIOParameters=GPIO_Label
PinOutPanel.RotationAngle=0
PE6.GPIO_Label=SPI4_MOSI_BLE
RCC.MCO1PinFreq_Value=64000000
RCC.SYSCLKSource=RCC_SYSCLKSOURCE_PLLCLK
RCC.AHB4Freq_Value=256000244.140625
RCC.SPI123CLockSelection=RCC_SPI123CLKSOURCE_PLL2
RCC.LPTIM1Freq_Value=128000122.0703125
NVIC.SVCall_IRQn=true\:0\:0\:false\:false\:true\:false\:false
I2C4.Timing=0x20A0A7FC
RCC.I2C4Freq_Value=128000122.0703125
PE2.Mode=Full_Duplex_Master
PB6.Signal=I2C1_SCL
PC7.Signal=LTDC_G6
PA13(JTMS/SWDIO).Locked=true
PB6.Mode=I2C
RCC.DIVQ3Freq_Value=96750000
PD0.Signal=GPIO_Input
PE5.Signal=SPI4_MISO
PE1.Signal=UART8_TX
PE14.Locked=true
ProjectManager.ProjectBuild=false
TIM4.Channel-PWM\ Generation3\ CH3=TIM_CHANNEL_3
NVIC.UsageFault_IRQn=true\:0\:0\:false\:false\:true\:false\:false
PA0.Locked=true
PB2.Signal=OCTOSPIM_P1_CLK
PA8.Locked=true
PA4.Locked=true
PD1.GPIOParameters=GPIO_Label
RCC.DIVM1=12
RCC.RTCClockSelection=RCC_RTCCLKSOURCE_LSE
PD1.GPIO_Label=SD_VSEL
ProjectManager.FirmwarePackage=STM32Cube FW_H7 V1.8.0
MxDb.Version=DB.6.0.10
PE15.Locked=true
PE0.GPIOParameters=GPIO_Label
ProjectManager.BackupPrevious=false
RCC.FMCFreq_Value=256000244.140625
PC4.GPIO_Label=LED_POWER
PE9.Signal=OCTOSPIM_P1_IO6
PB14.Mode=Full_Duplex_Master
RCC.USART16Freq_Value=128000122.0703125
PA0.Mode=WakeUp1
PC9.Mode=SD_4_bits_Wide_bus_auto_dir_voltage_converter
SPI2.CalculateBaudRate=48.375 MBits/s
PE2.Signal=SPI4_SCK
PA8.Signal=LTDC_R6
PE1.Locked=true
NVIC.PendSV_IRQn=true\:0\:0\:false\:false\:true\:false\:false
RCC.PLL2_VCO_SEL-AdvancedSettings=RCC_PLL2VCOWIDE
USB_OTG_HS.IPParameters=VirtualMode-Device_Only_FS
RCC.DIVR2Freq_Value=96750000
PE10.Signal=OCTOSPIM_P1_IO7
ProjectManager.HalAssertFull=false
RCC.DIVP2Freq_Value=96750000
PA0.Signal=PWR_WKUP1
RCC.MCO2PinFreq_Value=512000488.28125
Mcu.Package=LQFP100
PB9.Signal=LTDC_B7
PB1.Signal=OCTOSPIM_P1_IO0
PA5.Locked=true
SPI2.Mode=SPI_MODE_MASTER
RCC.PLL3FRACN=0
PD11.Locked=true
PD12.Signal=I2C4_SCL
VP_SYS_VS_Systick.Signal=SYS_VS_Systick
PC3_C.GPIO_Label=BTN_LEFT
PA10.Signal=LPUART1_RX
PE9.Mode=OCTOSPI1_IOH_Port1H
RCC.DFSDMFreq_Value=128000122.0703125
PC11.Mode=SD_4_bits_Wide_bus_auto_dir_voltage_converter
PB14.GPIOParameters=GPIO_Label
RCC.TraceFreq_Value=256000244.140625
RCC.APB4Freq_Value=128000122.0703125
RCC.CECFreq_Value=32000
NVIC.BusFault_IRQn=true\:0\:0\:false\:false\:true\:false\:false
RCC.LPUART1Freq_Value=128000122.0703125
PB13.Mode=Full_Duplex_Master
PE6.Locked=true
ProjectManager.CustomerFirmwarePackage=
PC4.GPIOParameters=GPIO_Label
RCC.VCO3OutputFreq_Value=193500000
ProjectManager.ProjectFileName=Atlas_100.ioc
RCC.DIVQ1=1
Mcu.PinsNb=72
Mcu.Pin71=VP_SYS_VS_Systick
PA9.GPIO_Label=LPUART1_TX_GPS
PC13.Signal=PWR_WKUP4
RCC.SWPMI1Freq_Value=128000122.0703125
PD3.Signal=LTDC_G7
PE1.Mode=Asynchronous
Mcu.Pin70=VP_RTC_VS_RTC_Activate
PC6.Signal=LTDC_HSYNC
PE10.Mode=OCTOSPI1_IOH_Port1H
PD13.GPIOParameters=GPIO_Label
PD1.Signal=GPIO_Output
RCC.DIVP1=1
Mcu.Pin68=PE1
Mcu.Pin69=VP_OCTOSPI1_VS_hyperbus
PC0.Signal=LTDC_R5
PB14.Locked=true
PC14-OSC32_IN.Signal=RCC_OSC32_IN
RCC.QSPIFreq_Value=256000244.140625
Mcu.Pin62=PB5
USB_OTG_HS.VirtualMode-Device_Only_FS=Device_Only_FS
Mcu.Pin63=PB6
Mcu.Pin60=PD2
Mcu.Pin61=PD3
Mcu.Pin66=PB9
Mcu.Pin67=PE0
Mcu.Pin64=PB7
Mcu.Pin65=PB8
PE8.Mode=OCTOSPI1_IOH_Port1H
PD10.Signal=LTDC_B3
RCC.D1CPREFreq_Value=512000488.28125
RCC.USART234578Freq_Value=128000122.0703125
RCC.Tim1OutputFreq_Value=256000244.140625
Mcu.Pin59=PD1
Mcu.Pin57=PC12
RCC.SPI123Freq_Value=96750000
Mcu.Pin58=PD0
TIM4.IPParameters=Channel-PWM Generation3 CH3
Mcu.Pin51=PA12
Mcu.Pin52=PA13(JTMS/SWDIO)
PC3_C.GPIOParameters=GPIO_Label
Mcu.Pin50=PA11
Mcu.Pin55=PC10
Mcu.Pin56=PC11
Mcu.Pin53=PA14(JTCK/SWCLK)
Mcu.Pin54=PA15(JTDI)
PC6.Locked=true
PA9.Signal=LPUART1_TX
I2C1.Timing=0x20A0A7FC
RCC.DIVN1=128
PB5.Locked=true
PB9.Locked=true
VP_OCTOSPI1_VS_hyperbus.Signal=OCTOSPI1_VS_hyperbus
Mcu.Pin48=PA9
Mcu.Pin49=PA10
Mcu.Pin46=PC9
Mcu.Pin47=PA8
PB10.Signal=LTDC_G4
PB14.Signal=SPI2_MISO
PA5.Signal=LTDC_R4
Mcu.Pin40=PD12
Mcu.Pin41=PD13
Mcu.Pin44=PC7
PC12.Mode=SD_4_bits_Wide_bus_auto_dir_voltage_converter
Mcu.Pin45=PC8
Mcu.Pin42=PD14
Mcu.Pin43=PC6
PE1.GPIO_Label=UART8_TX_NRF
ProjectManager.LastFirmware=true
PC2_C.GPIO_Label=BTN_DOWN
RCC.AHB12Freq_Value=256000244.140625
PE14.Signal=LTDC_CLK
PE6.Mode=Full_Duplex_Master
PE15.Signal=LTDC_R7
Mcu.Pin37=PB15
Mcu.Pin38=PD10
Mcu.Pin35=PB13
PB15.GPIO_Label=SPI2_MOSI_SENSOR
PE8.Signal=OCTOSPIM_P1_IO5
Mcu.Pin36=PB14
Mcu.Pin39=PD11
RCC.RNGFreq_Value=48000000
Mcu.Pin30=PE14
Mcu.Pin33=PB11
Mcu.Pin34=PB12
Mcu.Pin31=PE15
Mcu.Pin32=PB10
PA9.Locked=true
NVIC.NonMaskableInt_IRQn=true\:0\:0\:false\:false\:true\:false\:false
PA14(JTCK/SWCLK).Mode=Serial_Wire
ProjectManager.FreePins=false
RCC.LPTIM2Freq_Value=128000122.0703125
Mcu.Pin26=PE10
Mcu.Pin27=PE11
Mcu.Pin24=PE8
ProjectManager.UnderRoot=false
Mcu.Pin25=PE9
PE13.Locked=true
Mcu.Pin28=PE12
PC8.Mode=SD_4_bits_Wide_bus_auto_dir_voltage_converter
Mcu.Pin29=PE13
PD14.GPIOParameters=GPIO_Label
PA4.Signal=LTDC_VSYNC
PB5.Signal=LTDC_B5
Mcu.Pin22=PB2
Mcu.Pin23=PE7
Mcu.Pin20=PB0
PA3.Locked=true
Mcu.Pin21=PB1
PD12.Mode=I2C
PD10.Locked=true
PA10.Locked=true
VP_OCTOSPI1_VS_hyperbus.Mode=hyperbus_mode
NVIC.ForceEnableDMAVector=true
PD11.Signal=GPIO_Output
NVIC.MemoryManagement_IRQn=true\:0\:0\:false\:false\:true\:false\:false
PE5.GPIO_Label=SPI4_MISO_BLE
ProjectManager.CompilerOptimize=6
PA11.Signal=USB_OTG_HS_DM
ProjectManager.HeapSize=0x200
Mcu.Pin15=PA5
PA0.GPIOParameters=GPIO_Label
NVIC.HardFault_IRQn=true\:0\:0\:false\:false\:true\:false\:false
Mcu.Pin16=PA6
PB1.Mode=OCTOSPI1_IOL_Port1L
Mcu.Pin13=PA3
Mcu.Pin14=PA4
Mcu.Pin19=PC5
RCC.LPTIM345Freq_Value=128000122.0703125
ProjectManager.ComputerToolchain=false
Mcu.Pin17=PA7
Mcu.Pin18=PC4
RCC.LTDCFreq_Value=96750000
NVIC.PriorityGroup=NVIC_PRIORITYGROUP_4
Mcu.Pin11=PA0
Mcu.Pin12=PA2
PD0.GPIOParameters=GPIO_Label
PB8.Mode=SD_4_bits_Wide_bus_auto_dir_voltage_converter
Mcu.Pin10=PC3_C
PE2.Locked=true
PA14(JTCK/SWCLK).Signal=DEBUG_JTCK-SWCLK
PD2.Signal=SDMMC1_CMD
RCC.HCLK3ClockFreq_Value=256000244.140625
PD1.Locked=true
PB0.Signal=OCTOSPIM_P1_IO1
PC0.Locked=true
Mcu.Family=STM32H7
RCC.DIVQ2Freq_Value=96750000
ProjectManager.MainLocation=Core/Src
PA15(JTDI).Locked=true
PA6.Mode=OCTOSPI1_IOL_Port1L
RCC.SAI1Freq_Value=512000488.28125
RCC.CortexFreq_Value=512000488.28125
ProjectManager.KeepUserCode=true
Mcu.UserName=STM32H723VGTx
RCC.HPRE=RCC_HCLK_DIV2
PA15(JTDI).Signal=LTDC_B6
PC10.Signal=SDMMC1_D2
SPI4.Direction=SPI_DIRECTION_2LINES
PA0.GPIO_Label=PWR_WKUP1_ONOFF
ProjectManager.functionlistsort=1-MX_GPIO_Init-GPIO-false-HAL-true,2-SystemClock_Config-RCC-false-HAL-false,3-MX_I2C1_Init-I2C1-false-HAL-true,4-MX_I2C4_Init-I2C4-false-HAL-true,5-MX_OCTOSPI1_Init-OCTOSPI1-false-HAL-true,6-MX_SDMMC1_SD_Init-SDMMC1-false-HAL-true,7-MX_SPI2_Init-SPI2-false-HAL-true,8-MX_USB_OTG_HS_PCD_Init-USB_OTG_HS-false-HAL-true,9-MX_LPUART1_UART_Init-LPUART1-false-HAL-true,10-MX_UART8_Init-UART8-false-HAL-true,11-MX_RTC_Init-RTC-false-HAL-true,12-MX_SPI4_Init-SPI4-false-HAL-true,13-MX_TIM2_Init-TIM2-false-HAL-true,0-MX_PWR_Init-PWR-false-HAL-true,0-MX_CORTEX_M7_Init-CORTEX_M7-false-HAL-true
PA9.GPIOParameters=GPIO_Label
PD0.GPIO_Label=SDMMC1_DET
PA11.Mode=Device_Only_FS
PA14(JTCK/SWCLK).Locked=true
RCC.PLL2FRACN=0
RCC.VCO2OutputFreq_Value=193500000
PC13.GPIO_Label=PWR_WKUP4_NRF
PB13.GPIO_Label=SPI2_SCK_SENSOR
PB11.Signal=LTDC_G5
PB15.Signal=SPI2_MOSI
PE5.GPIOParameters=GPIO_Label
ProjectManager.StackSize=0x400
RCC.VCOInput3Freq_Value=1500000
PA13(JTMS/SWDIO).Mode=Serial_Wire
PD13.Signal=I2C4_SDA
Mcu.IP4=LPUART1
Mcu.IP5=NVIC
I2C1.IPParameters=Timing
Mcu.IP2=I2C1
Mcu.IP3=I2C4
Mcu.IP0=CORTEX_M7
Mcu.IP1=DEBUG
PA12.Signal=USB_OTG_HS_DP
Mcu.UserConstants=
PE11.Mode=OCTOSPI1_Port1_NCS
SPI4.Mode=SPI_MODE_MASTER
RCC.DIVP3Freq_Value=96750000
RCC.SDMMCFreq_Value=512000488.28125
Mcu.ThirdPartyNb=0
RCC.HCLKFreq_Value=256000244.140625
PD11.GPIO_Label=LED_STATUS
Mcu.IPNb=17
ProjectManager.PreviousToolchain=
RCC.SPDIFRXFreq_Value=512000488.28125
Mcu.Pin6=PH0-OSC_IN
Mcu.Pin7=PH1-OSC_OUT
Mcu.Pin8=PC0
Mcu.Pin9=PC2_C
SPI4.IPParameters=VirtualType,Mode,Direction,CalculateBaudRate
PC2_C.Signal=GPIO_Input
SPI2.BaudRatePrescaler=SPI_BAUDRATEPRESCALER_2
PH0-OSC_IN.Mode=HSE-External-Oscillator
Mcu.Pin0=PE2
Mcu.Pin1=PE5
GPIO.groupedBy=Group By Peripherals
Mcu.Pin2=PE6
Mcu.Pin3=PC13
Mcu.Pin4=PC14-OSC32_IN
Mcu.Pin5=PC15-OSC32_OUT
RCC.DIVR3Freq_Value=96750000
RCC.HSE_VALUE=48000000
NVIC.DebugMonitor_IRQn=true\:0\:0\:false\:false\:true\:false\:false
Mcu.IP10=SDMMC1
NVIC.SysTick_IRQn=true\:0\:0\:false\:false\:true\:false\:true
Mcu.IP12=SPI4
Mcu.IP11=SPI2
RCC.DIVP1Freq_Value=512000488.28125
Mcu.IP14=TIM4
Mcu.IP13=SYS
PE13.Signal=LTDC_DE
Mcu.IP16=USB_OTG_HS
Mcu.IP15=UART8
PC14-OSC32_IN.Mode=LSE-External-Oscillator
PE8.Locked=true
File.Version=6
PA10.GPIO_Label=LPUART1_RX_GPS
PB7.Signal=I2C1_SDA
PE6.GPIOParameters=GPIO_Label
PB6.GPIOParameters=GPIO_Label
PC2_C.Locked=true
ProjectManager.ProjectName=Atlas_100
RCC.APB3Freq_Value=128000122.0703125
PB7.GPIO_Label=I2C1_SDA_SYSTEM
PH1-OSC_OUT.Mode=HSE-External-Oscillator
PD13.GPIO_Label=I2C4_SDA_SENSOR
PA6.Signal=OCTOSPIM_P1_IO3
PB12.Mode=OCTOSPI1_Port1_NCLK
PA7.Locked=true
RCC.D1PPRE=RCC_APB3_DIV2
ProjectManager.ToolChainLocation=
PA2.GPIO_Label=BTN_UP
RCC.DIVR1Freq_Value=256000244.140625
PE0.GPIO_Label=UART8_RX_NRF
PC4.Locked=true
SPI2.Direction=SPI_DIRECTION_2LINES
PC5.Signal=OCTOSPIM_P1_DQS
PE7.Signal=OCTOSPIM_P1_IO4
PE2.GPIO_Label=SPI4_SCK_NRF
PE12.Locked=true
RCC.Tim2OutputFreq_Value=256000244.140625
RCC.DFSDMACLkFreq_Value=512000488.28125
PB15.Locked=true
PA3.Signal=GPIO_Input
PA2.Locked=true
VP_RTC_VS_RTC_Activate.Signal=RTC_VS_RTC_Activate
PC15-OSC32_OUT.Mode=LSE-External-Oscillator
PA7.Mode=OCTOSPI1_IOL_Port1L
PA10.Mode=Asynchronous
ProjectManager.NoMain=false
PC11.Signal=SDMMC1_D3
RCC.SAI4BFreq_Value=512000488.28125
PC8.Signal=SDMMC1_D0
PC4.Signal=GPIO_Output
PC10.Mode=SD_4_bits_Wide_bus_auto_dir_voltage_converter
RCC.D2PPRE2=RCC_APB2_DIV2
RCC.D2PPRE1=RCC_APB1_DIV2
ProjectManager.DefaultFWLocation=true
ProjectManager.DeletePrevious=true
PB10.Locked=true
RCC.FamilyName=M
RCC.SPI6Freq_Value=128000122.0703125
PA9.Mode=Asynchronous
RCC.SPI45Freq_Value=128000122.0703125
PD12.GPIOParameters=GPIO_Label
ProjectManager.TargetToolchain=EWARM V8.32
RCC.VCO1OutputFreq_Value=512000488.28125
PC3_C.Locked=true
SH.S_TIM4_CH3.0=TIM4_CH3,PWM Generation3 CH3
PB7.GPIOParameters=GPIO_Label
RCC.AXIClockFreq_Value=256000244.140625
PD13.Mode=I2C
SPI2.IPParameters=VirtualType,Mode,Direction,CalculateBaudRate,BaudRatePrescaler
PE2.GPIOParameters=GPIO_Label
ProjectManager.RegisterCallBack=
PE0.Locked=true
RCC.USBFreq_Value=512000488.28125
PE11.Signal=OCTOSPIM_P1_NCS
RCC.LSE_VALUE=32.77
PC15-OSC32_OUT.Signal=RCC_OSC32_OUT
PD3.Locked=true
RCC.CKPERFreq_Value=64000000
PB1.Locked=true
SH.S_TIM4_CH3.ConfNb=1
PD2.Mode=SD_4_bits_Wide_bus_auto_dir_voltage_converter
PB0.Mode=OCTOSPI1_IOL_Port1L
board=custom
PB15.Mode=Full_Duplex_Master
PD11.GPIOParameters=GPIO_Label
RCC.VCOInput1Freq_Value=4000000
RCC.APB2Freq_Value=128000122.0703125
MxCube.Version=6.1.1
PC13.GPIOParameters=GPIO_Label
RCC.FDCANFreq_Value=512000488.28125
PE5.Mode=Full_Duplex_Master
RCC.ADCFreq_Value=96750000
PA10.GPIOParameters=GPIO_Label
VP_SYS_VS_Systick.Mode=SysTick
PH1-OSC_OUT.Signal=RCC_OSC_OUT
SPI4.CalculateBaudRate=64.00006 MBits/s
PD14.GPIO_Label=T4C3_BL_PWM
PE5.Locked=true
PE6.Signal=SPI4_MOSI
PB15.GPIOParameters=GPIO_Label
PC13.Mode=WakeUp4
RCC.IPParameters=ADCFreq_Value,AHB12Freq_Value,AHB4Freq_Value,APB1Freq_Value,APB2Freq_Value,APB3Freq_Value,APB4Freq_Value,AXIClockFreq_Value,CECFreq_Value,CKPERFreq_Value,CortexFreq_Value,CpuClockFreq_Value,D1CPREFreq_Value,D1PPRE,D2PPRE1,D2PPRE2,D3PPRE,DFSDMACLkFreq_Value,DFSDMFreq_Value,DIVM1,DIVN1,DIVP1,DIVP1Freq_Value,DIVP2Freq_Value,DIVP3Freq_Value,DIVQ1,DIVQ1Freq_Value,DIVQ2Freq_Value,DIVQ3Freq_Value,DIVR1Freq_Value,DIVR2Freq_Value,DIVR3Freq_Value,FDCANFreq_Value,FMCFreq_Value,FamilyName,HCLK3ClockFreq_Value,HCLKFreq_Value,HPRE,HSE_VALUE,I2C123Freq_Value,I2C4Freq_Value,LPTIM1Freq_Value,LPTIM2Freq_Value,LPTIM345Freq_Value,LPUART1Freq_Value,LSE_VALUE,LTDCFreq_Value,MCO1PinFreq_Value,MCO2PinFreq_Value,PLL2FRACN,PLL2_VCO_SEL-AdvancedSettings,PLL3FRACN,PLLFRACN,QSPIFreq_Value,RNGFreq_Value,RTCClockSelection,RTCFreq_Value,SAI1Freq_Value,SAI4AFreq_Value,SAI4BFreq_Value,SDMMCFreq_Value,SPDIFRXFreq_Value,SPI123CLockSelection,SPI123Freq_Value,SPI45Freq_Value,SPI6Freq_Value,SWPMI1Freq_Value,SYSCLKFreq_VALUE,SYSCLKSource,Tim1OutputFreq_Value,Tim2OutputFreq_Value,TraceFreq_Value,USART16Freq_Value,USART234578Freq_Value,USBFreq_Value,VCO1OutputFreq_Value,VCO2OutputFreq_Value,VCO3OutputFreq_Value,VCOInput1Freq_Value,VCOInput2Freq_Value,VCOInput3Freq_Value
ProjectManager.AskForMigrate=true
PE0.Signal=UART8_RX
Mcu.Name=STM32H723VGTx
PE12.Signal=LTDC_B4
PA2.Signal=GPIO_Input
Mcu.IP8=RCC
Mcu.IP9=RTC
PD14.Signal=S_TIM4_CH3
Mcu.IP6=OCTOSPI1
Mcu.IP7=PWR
ProjectManager.CoupleFile=false
RCC.SYSCLKFreq_VALUE=512000488.28125
PE7.Mode=OCTOSPI1_IOH_Port1H
RCC.I2C123Freq_Value=128000122.0703125
PA12.Mode=Device_Only_FS
KeepUserPlacement=false
PB2.Mode=O1_P1_CLK
PB7.Mode=I2C
RCC.SAI4AFreq_Value=512000488.28125
PC3_C.Signal=GPIO_Input
RCC.DIVQ1Freq_Value=512000488.28125
PC2_C.GPIOParameters=GPIO_Label
PB8.Signal=SDMMC1_CKIN
PC8.Locked=true
RCC.D3PPRE=RCC_APB4_DIV2
PC9.Signal=SDMMC1_D1
RCC.VCOInput2Freq_Value=1500000
RCC.APB1Freq_Value=128000122.0703125
PB11.Locked=true
ProjectManager.DeviceId=STM32H723VGTx
PB12.Signal=OCTOSPIM_P1_NCLK
PE0.Mode=Asynchronous
ProjectManager.LibraryCopy=0
I2C4.IPParameters=Timing
PE1.GPIOParameters=GPIO_Label
PA3.GPIO_Label=BTN_RIGHT
PA7.Signal=OCTOSPIM_P1_IO2
