#MicroXplorer Configuration settings - do not modify
PD12.GPIO_Label=I2C4_SCL_SENSOR
PH0-OSC_IN.Signal=RCC_OSC_IN
PC12.Signal=SDMMC1_CK
PC7.Locked=true
RCC.PLLFRACN=1
PA13(JTMS/SWDIO).Signal=DEBUG_JTMS-SWDIO
VP_RTC_VS_RTC_Activate.Mode=RTC_Enabled
RCC.RTCFreq_Value=32.77
PA3.GPIOParameters=GPIO_Label
RCC.CpuClockFreq_Value=512000488.28125
PD4.Locked=true
PD0.Locked=true
PC5.Mode=OCTOSPI1_Port1_DQS
PD6.GPIO_Label=PWR_BTN_OUT
PA2.GPIOParameters=GPIO_Label
PinOutPanel.RotationAngle=0
RCC.SYSCLKSource=RCC_SYSCLKSOURCE_PLLCLK
RCC.MCO1PinFreq_Value=64000000
RCC.AHB4Freq_Value=256000244.140625
RCC.SPI123CLockSelection=RCC_SPI123CLKSOURCE_PLL2
RCC.LPTIM1Freq_Value=128000122.0703125
NVIC.SVCall_IRQn=true\:0\:0\:false\:false\:true\:false\:false
PD15.GPIOParameters=GPIO_Label
I2C4.Timing=0x20A0A7FC
RCC.I2C4Freq_Value=128000122.0703125
PD4.Signal=GPIO_Input
PC7.Signal=LTDC_G6
PA13(JTMS/SWDIO).Locked=true
RCC.DIVQ3Freq_Value=96750000
PD0.Signal=GPIO_Input
PE1.Signal=UART8_TX
PE14.Locked=true
ProjectManager.ProjectBuild=false
TIM4.Channel-PWM\ Generation3\ CH3=TIM_CHANNEL_3
NVIC.UsageFault_IRQn=true\:0\:0\:false\:false\:true\:false\:false
PA0.Locked=true
PB2.Signal=OCTOSPIM_P1_CLK
PA8.Locked=true
PA4.Locked=true
PD1.GPIOParameters=GPIO_Label
RCC.DIVM1=12
RCC.RTCClockSelection=RCC_RTCCLKSOURCE_LSE
PD1.GPIO_Label=SD_VSEL
ProjectManager.FirmwarePackage=STM32Cube FW_H7 V1.8.0
MxDb.Version=DB.6.0.10
PE15.Locked=true
PA1.GPIOParameters=GPIO_Label
ProjectManager.BackupPrevious=false
RCC.FMCFreq_Value=256000244.140625
PE9.Signal=OCTOSPIM_P1_IO6
RCC.USART16Freq_Value=128000122.0703125
PC9.Mode=SD_4_bits_Wide_bus_auto_dir_voltage_converter
PA8.Signal=LTDC_R6
PE1.Locked=true
NVIC.PendSV_IRQn=true\:0\:0\:false\:false\:true\:false\:false
RCC.PLL2_VCO_SEL-AdvancedSettings=RCC_PLL2VCOWIDE
USB_OTG_HS.IPParameters=VirtualMode-Device_Only_FS
RCC.DIVR2Freq_Value=96750000
PE10.Signal=OCTOSPIM_P1_IO7
ProjectManager.HalAssertFull=false
RCC.DIVP2Freq_Value=96750000
PA0.Signal=GPIO_Input
RCC.MCO2PinFreq_Value=512000488.28125
Mcu.Package=LQFP100
PB9.Signal=LTDC_B7
PB1.Signal=OCTOSPIM_P1_IO0
PA5.Locked=true
RCC.PLL3FRACN=0
PD11.Locked=true
PD12.Signal=I2C4_SCL
PD5.GPIOParameters=GPIO_Label
VP_SYS_VS_Systick.Signal=SYS_VS_Systick
PA10.Signal=LPUART1_RX
PE9.Mode=OCTOSPI1_IOH_Port1H
RCC.DFSDMFreq_Value=128000122.0703125
PC11.Mode=SD_4_bits_Wide_bus_auto_dir_voltage_converter
RCC.TraceFreq_Value=256000244.140625
RCC.APB4Freq_Value=128000122.0703125
RCC.CECFreq_Value=32000
NVIC.BusFault_IRQn=true\:0\:0\:false\:false\:true\:false\:false
RCC.LPUART1Freq_Value=128000122.0703125
PD5.Locked=true
PD15.Signal=GPIO_Output
ProjectManager.CustomerFirmwarePackage=
RCC.VCO3OutputFreq_Value=193500000
PD6.GPIOParameters=GPIO_Label
ProjectManager.ProjectFileName=Atlas_100.ioc
RCC.DIVQ1=1
Mcu.PinsNb=64
PA9.GPIO_Label=LPUART1_TX_GPS
RCC.SWPMI1Freq_Value=128000122.0703125
PD3.Signal=LTDC_G7
PE10.Mode=OCTOSPI1_IOH_Port1H
PC6.Signal=LTDC_HSYNC
PD13.GPIOParameters=GPIO_Label
PD1.Signal=GPIO_Output
RCC.DIVP1=1
PC0.Signal=LTDC_R5
PC14-OSC32_IN.Signal=RCC_OSC32_IN
RCC.QSPIFreq_Value=256000244.140625
Mcu.Pin62=VP_RTC_VS_RTC_Activate
USB_OTG_HS.VirtualMode-Device_Only_FS=Device_Only_FS
Mcu.Pin63=VP_SYS_VS_Systick
Mcu.Pin60=PE1
Mcu.Pin61=VP_OCTOSPI1_VS_hyperbus
PE8.Mode=OCTOSPI1_IOH_Port1H
PD10.Signal=LTDC_B3
RCC.D1CPREFreq_Value=512000488.28125
RCC.USART234578Freq_Value=128000122.0703125
RCC.Tim1OutputFreq_Value=256000244.140625
Mcu.Pin59=PB9
Mcu.Pin57=PB5
RCC.SPI123Freq_Value=96750000
Mcu.Pin58=PB8
TIM4.IPParameters=Channel-PWM Generation3 CH3
Mcu.Pin51=PD1
Mcu.Pin52=PD2
Mcu.Pin50=PD0
Mcu.Pin55=PD5
Mcu.Pin56=PD6
Mcu.Pin53=PD3
Mcu.Pin54=PD4
PC6.Locked=true
PA9.Signal=LPUART1_TX
RCC.DIVN1=128
PB5.Locked=true
PB9.Locked=true
VP_OCTOSPI1_VS_hyperbus.Signal=OCTOSPI1_VS_hyperbus
Mcu.Pin48=PC11
Mcu.Pin49=PC12
Mcu.Pin46=PA15(JTDI)
Mcu.Pin47=PC10
PB10.Signal=LTDC_G4
PA5.Signal=LTDC_R4
Mcu.Pin40=PA9
Mcu.Pin41=PA10
Mcu.Pin44=PA13(JTMS/SWDIO)
PC12.Mode=SD_4_bits_Wide_bus_auto_dir_voltage_converter
Mcu.Pin45=PA14(JTCK/SWCLK)
Mcu.Pin42=PA11
Mcu.Pin43=PA12
PE1.GPIO_Label=UART8_TX_NRF
ProjectManager.LastFirmware=true
RCC.AHB12Freq_Value=256000244.140625
PE14.Signal=LTDC_CLK
PE15.Signal=LTDC_R7
Mcu.Pin37=PC8
Mcu.Pin38=PC9
Mcu.Pin35=PC6
PE8.Signal=OCTOSPIM_P1_IO5
Mcu.Pin36=PC7
Mcu.Pin39=PA8
RCC.RNGFreq_Value=48000000
Mcu.Pin30=PD11
PA1.GPIO_Label=BTN_LEFT
Mcu.Pin33=PD14
Mcu.Pin34=PD15
Mcu.Pin31=PD12
Mcu.Pin32=PD13
PA9.Locked=true
NVIC.NonMaskableInt_IRQn=true\:0\:0\:false\:false\:true\:false\:false
PA14(JTCK/SWCLK).Mode=Serial_Wire
ProjectManager.FreePins=false
RCC.LPTIM2Freq_Value=128000122.0703125
Mcu.Pin26=PB10
Mcu.Pin27=PB11
Mcu.Pin24=PE14
ProjectManager.UnderRoot=false
PE13.Locked=true
Mcu.Pin25=PE15
Mcu.Pin28=PB12
PC8.Mode=SD_4_bits_Wide_bus_auto_dir_voltage_converter
Mcu.Pin29=PD10
PD14.GPIOParameters=GPIO_Label
PA4.Signal=LTDC_VSYNC
PB5.Signal=LTDC_B5
Mcu.Pin22=PE12
Mcu.Pin23=PE13
Mcu.Pin20=PE10
PA3.Locked=true
Mcu.Pin21=PE11
PD12.Mode=I2C
PD10.Locked=true
PA10.Locked=true
VP_OCTOSPI1_VS_hyperbus.Mode=hyperbus_mode
NVIC.ForceEnableDMAVector=true
PD11.Signal=GPIO_Output
NVIC.MemoryManagement_IRQn=true\:0\:0\:false\:false\:true\:false\:false
ProjectManager.CompilerOptimize=6
PD15.Locked=true
PA11.Signal=USB_OTG_HS_DM
ProjectManager.HeapSize=0x200
Mcu.Pin15=PB1
PA0.GPIOParameters=GPIO_Label
NVIC.HardFault_IRQn=true\:0\:0\:false\:false\:true\:false\:false
PB1.Mode=OCTOSPI1_IOL_Port1L
Mcu.Pin16=PB2
Mcu.Pin13=PC5
Mcu.Pin14=PB0
Mcu.Pin19=PE9
RCC.LPTIM345Freq_Value=128000122.0703125
ProjectManager.ComputerToolchain=false
Mcu.Pin17=PE7
Mcu.Pin18=PE8
RCC.LTDCFreq_Value=96750000
NVIC.PriorityGroup=NVIC_PRIORITYGROUP_4
Mcu.Pin11=PA6
Mcu.Pin12=PA7
PD0.GPIOParameters=GPIO_Label
PB8.Mode=SD_4_bits_Wide_bus_auto_dir_voltage_converter
Mcu.Pin10=PA5
PA14(JTCK/SWCLK).Signal=DEBUG_JTCK-SWCLK
PD2.Signal=SDMMC1_CMD
RCC.HCLK3ClockFreq_Value=256000244.140625
PD1.Locked=true
PB0.Signal=OCTOSPIM_P1_IO1
PC0.Locked=true
Mcu.Family=STM32H7
RCC.DIVQ2Freq_Value=96750000
ProjectManager.MainLocation=Core/Src
PA15(JTDI).Locked=true
PA6.Mode=OCTOSPI1_IOL_Port1L
RCC.SAI1Freq_Value=512000488.28125
RCC.CortexFreq_Value=512000488.28125
ProjectManager.KeepUserCode=true
Mcu.UserName=STM32H723VGTx
RCC.HPRE=RCC_HCLK_DIV2
PA15(JTDI).Signal=LTDC_B6
PC10.Signal=SDMMC1_D2
PA0.GPIO_Label=BTN_DOWN
ProjectManager.functionlistsort=1-MX_GPIO_Init-GPIO-false-HAL-true,2-SystemClock_Config-RCC-false-HAL-false,3-MX_I2C1_Init-I2C1-false-HAL-true,4-MX_I2C4_Init-I2C4-false-HAL-true,5-MX_OCTOSPI1_Init-OCTOSPI1-false-HAL-true,6-MX_SDMMC1_SD_Init-SDMMC1-false-HAL-true,7-MX_SPI2_Init-SPI2-false-HAL-true,8-MX_USB_OTG_HS_PCD_Init-USB_OTG_HS-false-HAL-true,9-MX_LPUART1_UART_Init-LPUART1-false-HAL-true,10-MX_UART8_Init-UART8-false-HAL-true,11-MX_RTC_Init-RTC-false-HAL-true,12-MX_SPI4_Init-SPI4-false-HAL-true,13-MX_TIM4_Init-TIM4-false-HAL-true,0-MX_CORTEX_M7_Init-CORTEX_M7-false-HAL-true
PA9.GPIOParameters=GPIO_Label
PD0.GPIO_Label=SDMMC1_DET
PA11.Mode=Device_Only_FS
PA14(JTCK/SWCLK).Locked=true
PD6.Locked=true
RCC.PLL2FRACN=0
RCC.VCO2OutputFreq_Value=193500000
PB11.Signal=LTDC_G5
ProjectManager.StackSize=0x400
RCC.VCOInput3Freq_Value=1500000
PA13(JTMS/SWDIO).Mode=Serial_Wire
PD13.Signal=I2C4_SDA
Mcu.IP4=NVIC
Mcu.IP5=OCTOSPI1
Mcu.IP2=I2C4
Mcu.IP3=LPUART1
Mcu.IP0=CORTEX_M7
Mcu.IP1=DEBUG
PA12.Signal=USB_OTG_HS_DP
PE11.Mode=OCTOSPI1_Port1_NCS
Mcu.UserConstants=
RCC.DIVP3Freq_Value=96750000
RCC.SDMMCFreq_Value=512000488.28125
Mcu.ThirdPartyNb=0
RCC.HCLKFreq_Value=256000244.140625
PD11.GPIO_Label=LED_STATUS
Mcu.IPNb=12
ProjectManager.PreviousToolchain=
RCC.SPDIFRXFreq_Value=512000488.28125
Mcu.Pin6=PA1
Mcu.Pin7=PA2
Mcu.Pin8=PA3
Mcu.Pin9=PA4
PH0-OSC_IN.Mode=HSE-External-Oscillator
Mcu.Pin0=PC14-OSC32_IN
Mcu.Pin1=PC15-OSC32_OUT
GPIO.groupedBy=Group By Peripherals
Mcu.Pin2=PH0-OSC_IN
Mcu.Pin3=PH1-OSC_OUT
Mcu.Pin4=PC0
Mcu.Pin5=PA0
RCC.HSE_VALUE=48000000
RCC.DIVR3Freq_Value=96750000
NVIC.DebugMonitor_IRQn=true\:0\:0\:false\:false\:true\:false\:false
Mcu.IP10=TIM4
NVIC.SysTick_IRQn=true\:0\:0\:false\:false\:true\:false\:true
Mcu.IP11=USB_OTG_HS
RCC.DIVP1Freq_Value=512000488.28125
PE13.Signal=LTDC_DE
PC14-OSC32_IN.Mode=LSE-External-Oscillator
PE8.Locked=true
File.Version=6
PA10.GPIO_Label=LPUART1_RX_GPS
ProjectManager.ProjectName=Atlas_100
RCC.APB3Freq_Value=128000122.0703125
PH1-OSC_OUT.Mode=HSE-External-Oscillator
PD13.GPIO_Label=I2C4_SDA_SENSOR
PA6.Signal=OCTOSPIM_P1_IO3
PB12.Mode=OCTOSPI1_Port1_NCLK
PA7.Locked=true
RCC.D1PPRE=RCC_APB3_DIV2
PD5.GPIO_Label=PWR_BTN_HOLD
ProjectManager.ToolChainLocation=
PA2.GPIO_Label=BTN_UP
RCC.DIVR1Freq_Value=256000244.140625
PC5.Signal=OCTOSPIM_P1_DQS
PE7.Signal=OCTOSPIM_P1_IO4
PD6.Signal=GPIO_Input
PE12.Locked=true
RCC.Tim2OutputFreq_Value=256000244.140625
RCC.DFSDMACLkFreq_Value=512000488.28125
PA3.Signal=GPIO_Input
PA2.Locked=true
VP_RTC_VS_RTC_Activate.Signal=RTC_VS_RTC_Activate
PC15-OSC32_OUT.Mode=LSE-External-Oscillator
PD15.GPIO_Label=EN_LCD_PWR
PA7.Mode=OCTOSPI1_IOL_Port1L
PA10.Mode=Asynchronous
ProjectManager.NoMain=false
PC11.Signal=SDMMC1_D3
RCC.SAI4BFreq_Value=512000488.28125
PC8.Signal=SDMMC1_D0
PC10.Mode=SD_4_bits_Wide_bus_auto_dir_voltage_converter
RCC.D2PPRE2=RCC_APB2_DIV2
RCC.D2PPRE1=RCC_APB1_DIV2
ProjectManager.DefaultFWLocation=true
PD5.Signal=GPIO_Output
ProjectManager.DeletePrevious=true
PB10.Locked=true
RCC.FamilyName=M
RCC.SPI6Freq_Value=128000122.0703125
PA9.Mode=Asynchronous
RCC.SPI45Freq_Value=128000122.0703125
PD12.GPIOParameters=GPIO_Label
ProjectManager.TargetToolchain=EWARM V8.32
RCC.VCO1OutputFreq_Value=512000488.28125
SH.S_TIM4_CH3.0=TIM4_CH3,PWM Generation3 CH3
RCC.AXIClockFreq_Value=256000244.140625
PD13.Mode=I2C
ProjectManager.RegisterCallBack=
RCC.USBFreq_Value=512000488.28125
PE11.Signal=OCTOSPIM_P1_NCS
RCC.LSE_VALUE=32.77
PC15-OSC32_OUT.Signal=RCC_OSC32_OUT
PD3.Locked=true
PA1.Signal=GPIO_Input
RCC.CKPERFreq_Value=64000000
PB1.Locked=true
SH.S_TIM4_CH3.ConfNb=1
PD2.Mode=SD_4_bits_Wide_bus_auto_dir_voltage_converter
PB0.Mode=OCTOSPI1_IOL_Port1L
board=custom
PD11.GPIOParameters=GPIO_Label
RCC.VCOInput1Freq_Value=4000000
RCC.APB2Freq_Value=128000122.0703125
MxCube.Version=6.1.1
PD4.GPIO_Label=PWR_MCU_INT
RCC.FDCANFreq_Value=512000488.28125
RCC.ADCFreq_Value=96750000
PA10.GPIOParameters=GPIO_Label
PD4.GPIOParameters=GPIO_Label
VP_SYS_VS_Systick.Mode=SysTick
PH1-OSC_OUT.Signal=RCC_OSC_OUT
PD14.GPIO_Label=T4C3_BL_PWM
RCC.IPParameters=ADCFreq_Value,AHB12Freq_Value,AHB4Freq_Value,APB1Freq_Value,APB2Freq_Value,APB3Freq_Value,APB4Freq_Value,AXIClockFreq_Value,CECFreq_Value,CKPERFreq_Value,CortexFreq_Value,CpuClockFreq_Value,D1CPREFreq_Value,D1PPRE,D2PPRE1,D2PPRE2,D3PPRE,DFSDMACLkFreq_Value,DFSDMFreq_Value,DIVM1,DIVN1,DIVP1,DIVP1Freq_Value,DIVP2Freq_Value,DIVP3Freq_Value,DIVQ1,DIVQ1Freq_Value,DIVQ2Freq_Value,DIVQ3Freq_Value,DIVR1Freq_Value,DIVR2Freq_Value,DIVR3Freq_Value,FDCANFreq_Value,FMCFreq_Value,FamilyName,HCLK3ClockFreq_Value,HCLKFreq_Value,HPRE,HSE_VALUE,I2C123Freq_Value,I2C4Freq_Value,LPTIM1Freq_Value,LPTIM2Freq_Value,LPTIM345Freq_Value,LPUART1Freq_Value,LSE_VALUE,LTDCFreq_Value,MCO1PinFreq_Value,MCO2PinFreq_Value,PLL2FRACN,PLL2_VCO_SEL-AdvancedSettings,PLL3FRACN,PLLFRACN,QSPIFreq_Value,RNGFreq_Value,RTCClockSelection,RTCFreq_Value,SAI1Freq_Value,SAI4AFreq_Value,SAI4BFreq_Value,SDMMCFreq_Value,SPDIFRXFreq_Value,SPI123CLockSelection,SPI123Freq_Value,SPI45Freq_Value,SPI6Freq_Value,SWPMI1Freq_Value,SYSCLKFreq_VALUE,SYSCLKSource,Tim1OutputFreq_Value,Tim2OutputFreq_Value,TraceFreq_Value,USART16Freq_Value,USART234578Freq_Value,USBFreq_Value,VCO1OutputFreq_Value,VCO2OutputFreq_Value,VCO3OutputFreq_Value,VCOInput1Freq_Value,VCOInput2Freq_Value,VCOInput3Freq_Value
ProjectManager.AskForMigrate=true
Mcu.Name=STM32H723VGTx
PE12.Signal=LTDC_B4
PA2.Signal=GPIO_Input
Mcu.IP8=SDMMC1
Mcu.IP9=SYS
PD14.Signal=S_TIM4_CH3
Mcu.IP6=RCC
Mcu.IP7=RTC
ProjectManager.CoupleFile=false
RCC.SYSCLKFreq_VALUE=512000488.28125
PE7.Mode=OCTOSPI1_IOH_Port1H
RCC.I2C123Freq_Value=128000122.0703125
PA1.Locked=true
PA12.Mode=Device_Only_FS
KeepUserPlacement=false
PB2.Mode=O1_P1_CLK
RCC.SAI4AFreq_Value=512000488.28125
RCC.DIVQ1Freq_Value=512000488.28125
PB8.Signal=SDMMC1_CKIN
PC8.Locked=true
RCC.D3PPRE=RCC_APB4_DIV2
PC9.Signal=SDMMC1_D1
RCC.VCOInput2Freq_Value=1500000
RCC.APB1Freq_Value=128000122.0703125
PB11.Locked=true
ProjectManager.DeviceId=STM32H723VGTx
PB12.Signal=OCTOSPIM_P1_NCLK
ProjectManager.LibraryCopy=0
I2C4.IPParameters=Timing
PE1.GPIOParameters=GPIO_Label
PA3.GPIO_Label=BTN_RIGHT
PA7.Signal=OCTOSPIM_P1_IO2
