#MicroXplorer Configuration settings - do not modify
Bdma.MEMTOMEM.0.Direction=DMA_MEMORY_TO_MEMORY
Bdma.MEMTOMEM.0.EventEnable=DISABLE
Bdma.MEMTOMEM.0.Instance=BDMA_Channel0
Bdma.MEMTOMEM.0.MemDataAlignment=DMA_MDATAALIGN_BYTE
Bdma.MEMTOMEM.0.MemInc=DMA_MINC_ENABLE
Bdma.MEMTOMEM.0.Mode=DMA_NORMAL
Bdma.MEMTOMEM.0.PeriphDataAlignment=DMA_PDATAALIGN_BYTE
Bdma.MEMTOMEM.0.PeriphInc=DMA_PINC_ENABLE
Bdma.MEMTOMEM.0.Polarity=HAL_DMAMUX_REQ_GEN_RISING
Bdma.MEMTOMEM.0.Priority=DMA_PRIORITY_LOW
Bdma.MEMTOMEM.0.RequestNumber=1
Bdma.MEMTOMEM.0.RequestParameters=Instance,Direction,PeriphInc,MemInc,PeriphDataAlignment,MemDataAlignment,Mode,Priority,SignalID,Polarity,RequestNumber,SyncSignalID,SyncPolarity,SyncEnable,EventEnable,SyncRequestNumber
Bdma.MEMTOMEM.0.SignalID=NONE
Bdma.MEMTOMEM.0.SyncEnable=DISABLE
Bdma.MEMTOMEM.0.SyncPolarity=HAL_DMAMUX_SYNC_NO_EVENT
Bdma.MEMTOMEM.0.SyncRequestNumber=1
Bdma.MEMTOMEM.0.SyncSignalID=NONE
Bdma.Request0=MEMTOMEM
Bdma.RequestsNb=1
CORTEX_M7.IPParameters=MPU_Control
CORTEX_M7.MPU_Control=__NULL
DMA2D.ColorMode=DMA2D_OUTPUT_ARGB8888
DMA2D.IPParameters=ColorMode,Mode,InputColorModeForeground
DMA2D.InputColorModeForeground=DMA2D_INPUT_L8
DMA2D.Mode=DMA2D_M2M_PFC
FATFS.BSP.number=1
FATFS.IPParameters=USE_DMA_CODE_SD
FATFS.USE_DMA_CODE_SD=1
FATFS0.BSP.STBoard=false
FATFS0.BSP.api=Unknown
FATFS0.BSP.component=
FATFS0.BSP.condition=
FATFS0.BSP.i2caddr=0
FATFS0.BSP.i2creg=
FATFS0.BSP.instance=PD0
FATFS0.BSP.ip=GPIO
FATFS0.BSP.mode=Input
FATFS0.BSP.name=Detect_SDIO
FATFS0.BSP.semaphore=
FATFS0.BSP.solution=PD0
File.Version=6
GPIO.groupedBy=Group By Peripherals
KeepUserPlacement=false
Mcu.Family=STM32H7
Mcu.IP0=BDMA
Mcu.IP1=CORTEX_M7
Mcu.IP10=SDMMC1
Mcu.IP11=SYS
Mcu.IP12=TIM2
Mcu.IP2=DEBUG
Mcu.IP3=DMA2D
Mcu.IP4=FATFS
Mcu.IP5=LTDC
Mcu.IP6=MDMA
Mcu.IP7=NVIC
Mcu.IP8=OCTOSPI1
Mcu.IP9=RCC
Mcu.IPNb=13
Mcu.Name=STM32H723VGTx
Mcu.Package=LQFP100
Mcu.Pin0=PE2
Mcu.Pin1=PH0-OSC_IN
Mcu.Pin10=PA3
Mcu.Pin11=PA4
Mcu.Pin12=PA5
Mcu.Pin13=PA6
Mcu.Pin14=PC4
Mcu.Pin15=PC5
Mcu.Pin16=PB0
Mcu.Pin17=PB1
Mcu.Pin18=PB2
Mcu.Pin19=PE7
Mcu.Pin2=PH1-OSC_OUT
Mcu.Pin20=PE9
Mcu.Pin21=PE10
Mcu.Pin22=PE11
Mcu.Pin23=PE12
Mcu.Pin24=PE14
Mcu.Pin25=PB10
Mcu.Pin26=PB11
Mcu.Pin27=PB15
Mcu.Pin28=PD10
Mcu.Pin29=PD12
Mcu.Pin3=PC0
Mcu.Pin30=PC6
Mcu.Pin31=PC7
Mcu.Pin32=PC8
Mcu.Pin33=PC9
Mcu.Pin34=PA9
Mcu.Pin35=PA13(JTMS/SWDIO)
Mcu.Pin36=PA14(JTCK/SWCLK)
Mcu.Pin37=PA15(JTDI)
Mcu.Pin38=PC10
Mcu.Pin39=PC11
Mcu.Pin4=PC1
Mcu.Pin40=PC12
Mcu.Pin41=PD0
Mcu.Pin42=PD2
Mcu.Pin43=PB3(JTDO/TRACESWO)
Mcu.Pin44=PB6
Mcu.Pin45=PB9
Mcu.Pin46=VP_DMA2D_VS_DMA2D
Mcu.Pin47=VP_FATFS_VS_SDIO
Mcu.Pin48=VP_OCTOSPI1_VS_hyperbus
Mcu.Pin49=VP_SYS_VS_Systick
Mcu.Pin5=PC2_C
Mcu.Pin50=VP_TIM2_VS_ClockSourceINT
Mcu.Pin6=PC3_C
Mcu.Pin7=PA0
Mcu.Pin8=PA1
Mcu.Pin9=PA2
Mcu.PinsNb=51
Mcu.ThirdPartyNb=0
Mcu.UserConstants=
Mcu.UserName=STM32H723VGTx
Mdma.MDMA_Channel0.Request0=SW
Mdma.MDMA_Channel0.RequestsNb=1
Mdma.MDMA_Channel0.SW.0.BlockCount=0
Mdma.MDMA_Channel0.SW.0.BlockDataLength=0
Mdma.MDMA_Channel0.SW.0.BufferTransferLength=1
Mdma.MDMA_Channel0.SW.0.CircularMode=MDMA_LINEAR_LIST
Mdma.MDMA_Channel0.SW.0.DataAlignment=MDMA_DATAALIGN_PACKENABLE
Mdma.MDMA_Channel0.SW.0.DestBlockAddressOffset=0
Mdma.MDMA_Channel0.SW.0.DestBurst=MDMA_DEST_BURST_SINGLE
Mdma.MDMA_Channel0.SW.0.DestDataSize=MDMA_DEST_DATASIZE_BYTE
Mdma.MDMA_Channel0.SW.0.DestinationInc=MDMA_DEST_INC_BYTE
Mdma.MDMA_Channel0.SW.0.DstAddress=0
Mdma.MDMA_Channel0.SW.0.Endianness=MDMA_LITTLE_ENDIANNESS_PRESERVE
Mdma.MDMA_Channel0.SW.0.Instance=MDMA_Channel0
Mdma.MDMA_Channel0.SW.0.MaskAddress=0
Mdma.MDMA_Channel0.SW.0.MaskData=0
Mdma.MDMA_Channel0.SW.0.Priority=MDMA_PRIORITY_LOW
Mdma.MDMA_Channel0.SW.0.Rank=First
Mdma.MDMA_Channel0.SW.0.RequestParameters=Instance,CircularMode,TransferTriggerMode,Priority,Endianness,SourceInc,DestinationInc,SourceDataSize,DestDataSize,DataAlignment,BufferTransferLength,SourceBurst,DestBurst,SourceBlockAddressOffset,DestBlockAddressOffset,MaskAddress,MaskData,SrcAddress,DstAddress,BlockDataLength,BlockCount,Rank
Mdma.MDMA_Channel0.SW.0.SourceBlockAddressOffset=0
Mdma.MDMA_Channel0.SW.0.SourceBurst=MDMA_SOURCE_BURST_SINGLE
Mdma.MDMA_Channel0.SW.0.SourceDataSize=MDMA_SRC_DATASIZE_BYTE
Mdma.MDMA_Channel0.SW.0.SourceInc=MDMA_SRC_INC_BYTE
Mdma.MDMA_Channel0.SW.0.SrcAddress=0
Mdma.MDMA_Channel0.SW.0.TransferTriggerMode=MDMA_BLOCK_TRANSFER
Mdma.RequestSet0=MDMA_Channel0
Mdma.RequestSetsNb=1
MxCube.Version=6.2.1
MxDb.Version=DB.6.0.21
NVIC.BusFault_IRQn=true\:0\:0\:false\:false\:true\:false\:false
NVIC.DebugMonitor_IRQn=true\:0\:0\:false\:false\:true\:false\:false
NVIC.ForceEnableDMAVector=true
NVIC.HardFault_IRQn=true\:0\:0\:false\:false\:true\:false\:false
NVIC.MemoryManagement_IRQn=true\:0\:0\:false\:false\:true\:false\:false
NVIC.NonMaskableInt_IRQn=true\:0\:0\:false\:false\:true\:false\:false
NVIC.PendSV_IRQn=true\:0\:0\:false\:false\:true\:false\:false
NVIC.PriorityGroup=NVIC_PRIORITYGROUP_4
NVIC.SVCall_IRQn=true\:0\:0\:false\:false\:true\:false\:false
NVIC.SysTick_IRQn=true\:0\:0\:false\:false\:true\:false\:true
NVIC.UsageFault_IRQn=true\:0\:0\:false\:false\:true\:false\:false
OCTOSPI1.AccessTime=6
OCTOSPI1.ChipSelectBoundary=0
OCTOSPI1.ClkChipSelectHighTime=1
OCTOSPI1.ClockPrescaler=2
OCTOSPI1.DelayHoldQuarterCycle=HAL_OSPI_DHQC_ENABLE
OCTOSPI1.DeviceSize=23
OCTOSPI1.IPParameters=DeviceSize,ClockPrescaler,DelayHoldQuarterCycle,ChipSelectBoundary,ClkChipSelectHighTime,Refresh,RWRecoveryTime,AccessTime,LatencyMode
OCTOSPI1.LatencyMode=HAL_OSPI_FIXED_LATENCY
OCTOSPI1.RWRecoveryTime=3
OCTOSPI1.Refresh=241
PA0.GPIOParameters=GPIO_Label
PA0.GPIO_Label=SW_PWR_C
PA0.Signal=GPIO_Input
PA1.Mode=OCTOSPI1_Port1_DQS
PA1.Signal=OCTOSPIM_P1_DQS
PA13(JTMS/SWDIO).Mode=Trace_Asynchronous_SW
PA13(JTMS/SWDIO).Signal=DEBUG_JTMS-SWDIO
PA14(JTCK/SWCLK).Mode=Trace_Asynchronous_SW
PA14(JTCK/SWCLK).Signal=DEBUG_JTCK-SWCLK
PA15(JTDI).Mode=RGB565
PA15(JTDI).Signal=LTDC_B6
PA2.Mode=OCTOSPI1_IOL_Port1L
PA2.Signal=OCTOSPIM_P1_IO0
PA3.Mode=RGB565
PA3.Signal=LTDC_B5
PA4.Mode=RGB565
PA4.Signal=LTDC_VSYNC
PA5.Mode=RGB565
PA5.Signal=LTDC_R4
PA6.Mode=OCTOSPI1_IOL_Port1L
PA6.Signal=OCTOSPIM_P1_IO3
PA9.Mode=RGB565
PA9.Signal=LTDC_R5
PB0.Mode=RGB565
PB0.Signal=LTDC_R3
PB1.Mode=RGB565
PB1.Signal=LTDC_R6
PB10.Mode=RGB565
PB10.Signal=LTDC_G4
PB11.Mode=RGB565
PB11.Signal=LTDC_G5
PB15.Mode=RGB565
PB15.Signal=LTDC_G7
PB2.Mode=O1_P1_CLK
PB2.Signal=OCTOSPIM_P1_CLK
PB3(JTDO/TRACESWO).Mode=Trace_Asynchronous_SW
PB3(JTDO/TRACESWO).Signal=DEBUG_JTDO-SWO
PB6.Mode=OCTOSPI1_Port1_NCS
PB6.Signal=OCTOSPIM_P1_NCS
PB9.Mode=RGB565
PB9.Signal=LTDC_B7
PC0.Mode=RGB565
PC0.Signal=LTDC_G2
PC1.GPIOParameters=PinState,GPIO_Label
PC1.GPIO_Label=MCU_3V3_EN
PC1.PinState=GPIO_PIN_SET
PC1.Signal=GPIO_Output
PC10.Mode=SD_4_bits_Wide_bus
PC10.Signal=SDMMC1_D2
PC11.Mode=SD_4_bits_Wide_bus
PC11.Signal=SDMMC1_D3
PC12.Mode=SD_4_bits_Wide_bus
PC12.Signal=SDMMC1_CK
PC2_C.Mode=OCTOSPI1_IOH_Port1H
PC2_C.Signal=OCTOSPIM_P1_IO5
PC3_C.GPIOParameters=PinState,GPIO_Label
PC3_C.GPIO_Label=LED_C
PC3_C.PinState=GPIO_PIN_SET
PC3_C.Signal=GPIO_Output
PC4.Mode=RGB565
PC4.Signal=LTDC_R7
PC5.Mode=RGB565
PC5.Signal=LTDC_DE
PC6.Mode=RGB565
PC6.Signal=LTDC_HSYNC
PC7.Mode=RGB565
PC7.Signal=LTDC_G6
PC8.Mode=SD_4_bits_Wide_bus
PC8.Signal=SDMMC1_D0
PC9.Mode=SD_4_bits_Wide_bus
PC9.Signal=SDMMC1_D1
PD0.GPIOParameters=GPIO_Label
PD0.GPIO_Label=SD_DET
PD0.Locked=true
PD0.Signal=GPIO_Input
PD10.Mode=RGB565
PD10.Signal=LTDC_B3
PD12.Mode=OCTOSPI1_IOL_Port1L
PD12.Signal=OCTOSPIM_P1_IO1
PD2.Mode=SD_4_bits_Wide_bus
PD2.Signal=SDMMC1_CMD
PE10.Mode=OCTOSPI1_IOH_Port1H
PE10.Signal=OCTOSPIM_P1_IO7
PE11.Mode=RGB565
PE11.Signal=LTDC_G3
PE12.Mode=RGB565
PE12.Signal=LTDC_B4
PE14.Mode=RGB565
PE14.Signal=LTDC_CLK
PE2.Mode=OCTOSPI1_IOL_Port1L
PE2.Signal=OCTOSPIM_P1_IO2
PE7.Mode=OCTOSPI1_IOH_Port1H
PE7.Signal=OCTOSPIM_P1_IO4
PE9.Mode=OCTOSPI1_IOH_Port1H
PE9.Signal=OCTOSPIM_P1_IO6
PH0-OSC_IN.Mode=HSE-External-Oscillator
PH0-OSC_IN.Signal=RCC_OSC_IN
PH1-OSC_OUT.Mode=HSE-External-Oscillator
PH1-OSC_OUT.Signal=RCC_OSC_OUT
PinOutPanel.RotationAngle=0
ProjectManager.AskForMigrate=true
ProjectManager.BackupPrevious=true
ProjectManager.CompilerOptimize=6
ProjectManager.ComputerToolchain=false
ProjectManager.CoupleFile=true
ProjectManager.CustomerFirmwarePackage=
ProjectManager.DefaultFWLocation=true
ProjectManager.DeletePrevious=true
ProjectManager.DeviceId=STM32H723VGTx
ProjectManager.FirmwarePackage=STM32Cube FW_H7 V1.9.0
ProjectManager.FreePins=false
ProjectManager.HalAssertFull=false
ProjectManager.HeapSize=0x200
ProjectManager.KeepUserCode=true
ProjectManager.LastFirmware=true
ProjectManager.LibraryCopy=0
ProjectManager.MainLocation=Core/Src
ProjectManager.NoMain=false
ProjectManager.PreviousToolchain=
ProjectManager.ProjectBuild=false
ProjectManager.ProjectFileName=atlas_lcd.ioc
ProjectManager.ProjectName=atlas_lcd
ProjectManager.RegisterCallBack=
ProjectManager.StackSize=0x400
ProjectManager.TargetToolchain=Makefile
ProjectManager.ToolChainLocation=
ProjectManager.UnderRoot=false
ProjectManager.functionlistsort=1-MX_GPIO_Init-GPIO-false-HAL-true,2-MX_BDMA_Init-BDMA-false-HAL-true,3-MX_MDMA_Init-MDMA-false-HAL-true,4-SystemClock_Config-RCC-false-HAL-false,5-MX_SDMMC1_SD_Init-SDMMC1-false-HAL-true,6-MX_TIM2_Init-TIM2-false-HAL-true,7-MX_FATFS_Init-FATFS-false-HAL-false,8-MX_LTDC_Init-LTDC-false-HAL-true,9-MX_OCTOSPI1_Init-OCTOSPI1-false-HAL-true,10-MX_DMA2D_Init-DMA2D-false-HAL-true,0-MX_CORTEX_M7_Init-CORTEX_M7-false-HAL-true
RCC.ADCFreq_Value=100000000
RCC.AHB12Freq_Value=275000000
RCC.AHB4Freq_Value=275000000
RCC.APB1Freq_Value=137500000
RCC.APB2Freq_Value=137500000
RCC.APB3Freq_Value=137500000
RCC.APB4Freq_Value=137500000
RCC.AXIClockFreq_Value=275000000
RCC.CECFreq_Value=32000
RCC.CKPERFreq_Value=8000000
RCC.CortexFreq_Value=550000000
RCC.CpuClockFreq_Value=550000000
RCC.D1CPREFreq_Value=550000000
RCC.D1PPRE=RCC_APB3_DIV2
RCC.D2PPRE1=RCC_APB1_DIV2
RCC.D2PPRE2=RCC_APB2_DIV2
RCC.D3PPRE=RCC_APB4_DIV2
RCC.DFSDMACLkFreq_Value=275000000
RCC.DFSDMFreq_Value=137500000
RCC.DIVM1=4
RCC.DIVM2=2
RCC.DIVN1=275
RCC.DIVN2=50
RCC.DIVN3=148
RCC.DIVP1=1
RCC.DIVP1Freq_Value=550000000
RCC.DIVP2Freq_Value=100000000
RCC.DIVP3Freq_Value=18500000
RCC.DIVQ1Freq_Value=275000000
RCC.DIVQ2Freq_Value=100000000
RCC.DIVQ3Freq_Value=18500000
RCC.DIVR1Freq_Value=275000000
RCC.DIVR2=100
RCC.DIVR2Freq_Value=2000000
RCC.DIVR3=4
RCC.DIVR3Freq_Value=9250000
RCC.FDCANFreq_Value=275000000
RCC.FMCFreq_Value=275000000
RCC.FamilyName=M
RCC.HCLK3ClockFreq_Value=275000000
RCC.HCLKFreq_Value=275000000
RCC.HPRE=RCC_HCLK_DIV2
RCC.HSE_VALUE=8000000
RCC.HSIDiv=RCC_PLLSAIDIVR_8
RCC.I2C123Freq_Value=137500000
RCC.I2C4Freq_Value=137500000
RCC.IPParameters=ADCFreq_Value,AHB12Freq_Value,AHB4Freq_Value,APB1Freq_Value,APB2Freq_Value,APB3Freq_Value,APB4Freq_Value,AXIClockFreq_Value,CECFreq_Value,CKPERFreq_Value,CortexFreq_Value,CpuClockFreq_Value,D1CPREFreq_Value,D1PPRE,D2PPRE1,D2PPRE2,D3PPRE,DFSDMACLkFreq_Value,DFSDMFreq_Value,DIVM1,DIVM2,DIVN1,DIVN2,DIVN3,DIVP1,DIVP1Freq_Value,DIVP2Freq_Value,DIVP3Freq_Value,DIVQ1Freq_Value,DIVQ2Freq_Value,DIVQ3Freq_Value,DIVR1Freq_Value,DIVR2,DIVR2Freq_Value,DIVR3,DIVR3Freq_Value,FDCANFreq_Value,FMCFreq_Value,FamilyName,HCLK3ClockFreq_Value,HCLKFreq_Value,HPRE,HSE_VALUE,HSIDiv,I2C123Freq_Value,I2C4Freq_Value,LPTIM1Freq_Value,LPTIM2Freq_Value,LPTIM345Freq_Value,LPUART1Freq_Value,LSE_VALUE,LTDCFreq_Value,MCO1PinFreq_Value,MCO2PinFreq_Value,PLL2FRACN,PLL2_VCO_SEL-AdvancedSettings,PLL3FRACN,PLLFRACN,PLLSourceVirtual,QSPICLockSelection,QSPIFreq_Value,RNGFreq_Value,RTCFreq_Value,SAI1Freq_Value,SAI4AFreq_Value,SAI4BFreq_Value,SDMMC1CLockSelection,SDMMCFreq_Value,SPDIFRXFreq_Value,SPI123CLockSelection,SPI123Freq_Value,SPI45Freq_Value,SPI6Freq_Value,SWPMI1Freq_Value,SYSCLKFreq_VALUE,SYSCLKSource,Tim1OutputFreq_Value,Tim2OutputFreq_Value,TraceFreq_Value,USART16Freq_Value,USART234578Freq_Value,USBFreq_Value,VCO1OutputFreq_Value,VCO2OutputFreq_Value,VCO3OutputFreq_Value,VCOInput1Freq_Value,VCOInput2Freq_Value,VCOInput3Freq_Value
RCC.LPTIM1Freq_Value=137500000
RCC.LPTIM2Freq_Value=137500000
RCC.LPTIM345Freq_Value=137500000
RCC.LPUART1Freq_Value=137500000
RCC.LSE_VALUE=32.77
RCC.LTDCFreq_Value=9250000
RCC.MCO1PinFreq_Value=8000000
RCC.MCO2PinFreq_Value=550000000
RCC.PLL2FRACN=0
RCC.PLL2_VCO_SEL-AdvancedSettings=RCC_PLL2VCOWIDE
RCC.PLL3FRACN=0
RCC.PLLFRACN=0
RCC.PLLSourceVirtual=RCC_PLLSOURCE_HSE
RCC.QSPICLockSelection=RCC_OSPICLKSOURCE_PLL
RCC.QSPIFreq_Value=275000000
RCC.RNGFreq_Value=48000000
RCC.RTCFreq_Value=32000
RCC.SAI1Freq_Value=275000000
RCC.SAI4AFreq_Value=275000000
RCC.SAI4BFreq_Value=275000000
RCC.SDMMC1CLockSelection=RCC_SDMMCCLKSOURCE_PLL2
RCC.SDMMCFreq_Value=2000000
RCC.SPDIFRXFreq_Value=275000000
RCC.SPI123CLockSelection=RCC_SPI123CLKSOURCE_PLL2
RCC.SPI123Freq_Value=100000000
RCC.SPI45Freq_Value=137500000
RCC.SPI6Freq_Value=137500000
RCC.SWPMI1Freq_Value=137500000
RCC.SYSCLKFreq_VALUE=550000000
RCC.SYSCLKSource=RCC_SYSCLKSOURCE_PLLCLK
RCC.Tim1OutputFreq_Value=275000000
RCC.Tim2OutputFreq_Value=275000000
RCC.TraceFreq_Value=275000000
RCC.USART16Freq_Value=137500000
RCC.USART234578Freq_Value=137500000
RCC.USBFreq_Value=275000000
RCC.VCO1OutputFreq_Value=550000000
RCC.VCO2OutputFreq_Value=200000000
RCC.VCO3OutputFreq_Value=37000000
RCC.VCOInput1Freq_Value=2000000
RCC.VCOInput2Freq_Value=4000000
RCC.VCOInput3Freq_Value=250000
SDMMC1.ClockDiv=4
SDMMC1.IPParameters=ClockDiv
TIM2.AutoReloadPreload=TIM_AUTORELOAD_PRELOAD_ENABLE
TIM2.IPParameters=Prescaler,Period,AutoReloadPreload
TIM2.Period=999
TIM2.Prescaler=9
VP_DMA2D_VS_DMA2D.Mode=DMA2D_Activate
VP_DMA2D_VS_DMA2D.Signal=DMA2D_VS_DMA2D
VP_FATFS_VS_SDIO.Mode=SDIO
VP_FATFS_VS_SDIO.Signal=FATFS_VS_SDIO
VP_OCTOSPI1_VS_hyperbus.Mode=hyperbus_mode
VP_OCTOSPI1_VS_hyperbus.Signal=OCTOSPI1_VS_hyperbus
VP_SYS_VS_Systick.Mode=SysTick
VP_SYS_VS_Systick.Signal=SYS_VS_Systick
VP_TIM2_VS_ClockSourceINT.Mode=Internal
VP_TIM2_VS_ClockSourceINT.Signal=TIM2_VS_ClockSourceINT
board=custom
